
Microsoft Visual Studio Solution File, Format Version 12.00
# Visual Studio Version 16
VisualStudioVersion = 16.0.30621.155
MinimumVisualStudioVersion = 10.0.40219.1
Project("{FAE04EC0-301F-11D3-BF4B-00C04F79EFBC}") = "Authentication", "Authentication\Authentication.csproj", "{AA3BB6F9-2383-4873-9E8B-18994E3613F3}"
EndProject
Project("{FAE04EC0-301F-11D3-BF4B-00C04F79EFBC}") = "User_Microservice", "User_Microservice\User_Microservice.csproj", "{2F3C1742-7992-41EA-96F5-1CC2BDA58B12}"
EndProject
Project("{FAE04EC0-301F-11D3-BF4B-00C04F79EFBC}") = "APIGateway", "APIGateway\APIGateway.csproj", "{6EC42394-1173-40BC-925E-896C2AA02509}"
EndProject
Global
	GlobalSection(SolutionConfigurationPlatforms) = preSolution
		Debug|Any CPU = Debug|Any CPU
		Release|Any CPU = Release|Any CPU
	EndGlobalSection
	GlobalSection(ProjectConfigurationPlatforms) = postSolution
		{AA3BB6F9-2383-4873-9E8B-18994E3613F3}.Debug|Any CPU.ActiveCfg = Debug|Any CPU
		{AA3BB6F9-2383-4873-9E8B-18994E3613F3}.Debug|Any CPU.Build.0 = Debug|Any CPU
		{AA3BB6F9-2383-4873-9E8B-18994E3613F3}.Release|Any CPU.ActiveCfg = Release|Any CPU
		{AA3BB6F9-2383-4873-9E8B-18994E3613F3}.Release|Any CPU.Build.0 = Release|Any CPU
		{2F3C1742-7992-41EA-96F5-1CC2BDA58B12}.Debug|Any CPU.ActiveCfg = Debug|Any CPU
		{2F3C1742-7992-41EA-96F5-1CC2BDA58B12}.Debug|Any CPU.Build.0 = Debug|Any CPU
		{2F3C1742-7992-41EA-96F5-1CC2BDA58B12}.Release|Any CPU.ActiveCfg = Release|Any CPU
		{2F3C1742-7992-41EA-96F5-1CC2BDA58B12}.Release|Any CPU.Build.0 = Release|Any CPU
		{6EC42394-1173-40BC-925E-896C2AA02509}.Debug|Any CPU.ActiveCfg = Debug|Any CPU
		{6EC42394-1173-40BC-925E-896C2AA02509}.Debug|Any CPU.Build.0 = Debug|Any CPU
		{6EC42394-1173-40BC-925E-896C2AA02509}.Release|Any CPU.ActiveCfg = Release|Any CPU
		{6EC42394-1173-40BC-925E-896C2AA02509}.Release|Any CPU.Build.0 = Release|Any CPU
	EndGlobalSection
	GlobalSection(SolutionProperties) = preSolution
		HideSolutionNode = FALSE
	EndGlobalSection
	GlobalSection(ExtensibilityGlobals) = postSolution
		SolutionGuid = {DB2A9B4D-86CC-4CBA-AC46-A257762FC472}
	EndGlobalSection
EndGlobal
